
Microsoft Visual Studio Solution File, Format Version 12.00
# Visual Studio 15
VisualStudioVersion = 15.0.28307.572
MinimumVisualStudioVersion = 10.0.40219.1
Project("{FAE04EC0-301F-11D3-BF4B-00C04F79EFBC}") = "WebIOC", "WebIOC\WebIOC.csproj", "{F87639A0-31E2-4239-A208-82C5FEAE9CA4}"
EndProject
Global
	GlobalSection(SolutionConfigurationPlatforms) = preSolution
		Debug|Any CPU = Debug|Any CPU
		Release|Any CPU = Release|Any CPU
	EndGlobalSection
	GlobalSection(ProjectConfigurationPlatforms) = postSolution
		{F87639A0-31E2-4239-A208-82C5FEAE9CA4}.Debug|Any CPU.ActiveCfg = Debug|Any CPU
		{F87639A0-31E2-4239-A208-82C5FEAE9CA4}.Debug|Any CPU.Build.0 = Debug|Any CPU
		{F87639A0-31E2-4239-A208-82C5FEAE9CA4}.Release|Any CPU.ActiveCfg = Release|Any CPU
		{F87639A0-31E2-4239-A208-82C5FEAE9CA4}.Release|Any CPU.Build.0 = Release|Any CPU
	EndGlobalSection
	GlobalSection(SolutionProperties) = preSolution
		HideSolutionNode = FALSE
	EndGlobalSection
	GlobalSection(ExtensibilityGlobals) = postSolution
		SolutionGuid = {087D54F7-117A-4A97-8F0E-241192FDC1CC}
	EndGlobalSection
EndGlobal
